
Microsoft Visual Studio Solution File, Format Version 12.00
# Visual Studio 15
VisualStudioVersion = 15.0.28307.421
MinimumVisualStudioVersion = 10.0.40219.1
Project("{FAE04EC0-301F-11D3-BF4B-00C04F79EFBC}") = "FFmpeg usbCam", "FFmpeg usbCam\FFmpeg usbCam.csproj", "{9F7C2F1F-7CDB-4A7F-8D27-54A753EC4BB8}"
EndProject
Project("{9A19103F-16F7-4668-BE54-9A1E7A4F7556}") = "GrpcStream", "DotNet-Grpc-ProtoBuf\GrpcStream.csproj", "{FB498B76-C8C3-48D8-92D8-C470A0120C73}"
EndProject
Global
	GlobalSection(SolutionConfigurationPlatforms) = preSolution
		Debug|Any CPU = Debug|Any CPU
		Release|Any CPU = Release|Any CPU
	EndGlobalSection
	GlobalSection(ProjectConfigurationPlatforms) = postSolution
		{9F7C2F1F-7CDB-4A7F-8D27-54A753EC4BB8}.Debug|Any CPU.ActiveCfg = Debug|Any CPU
		{9F7C2F1F-7CDB-4A7F-8D27-54A753EC4BB8}.Debug|Any CPU.Build.0 = Debug|Any CPU
		{9F7C2F1F-7CDB-4A7F-8D27-54A753EC4BB8}.Release|Any CPU.ActiveCfg = Release|Any CPU
		{9F7C2F1F-7CDB-4A7F-8D27-54A753EC4BB8}.Release|Any CPU.Build.0 = Release|Any CPU
		{FB498B76-C8C3-48D8-92D8-C470A0120C73}.Debug|Any CPU.ActiveCfg = Debug|Any CPU
		{FB498B76-C8C3-48D8-92D8-C470A0120C73}.Debug|Any CPU.Build.0 = Debug|Any CPU
		{FB498B76-C8C3-48D8-92D8-C470A0120C73}.Release|Any CPU.ActiveCfg = Release|Any CPU
		{FB498B76-C8C3-48D8-92D8-C470A0120C73}.Release|Any CPU.Build.0 = Release|Any CPU
	EndGlobalSection
	GlobalSection(SolutionProperties) = preSolution
		HideSolutionNode = FALSE
	EndGlobalSection
	GlobalSection(ExtensibilityGlobals) = postSolution
		SolutionGuid = {3DA73EAB-729B-4933-ACC9-CE43EC9A1B3E}
	EndGlobalSection
EndGlobal
